Microsoft Visual Studio Solution File, Format Version 12.00
# Visual Studio Version 17
VisualStudioVersion = 17.5.2.0
MinimumVisualStudioVersion = 10.0.40219.1
Project("{FAE04EC0-301F-11D3-BF4B-00C04F79EFBC}") = "AdoDotnetDemo", "AdoDotnetDemo.csproj", "{3F7DE4A3-BA98-FCE8-46CD-F05154010848}"
EndProject
Global
	GlobalSection(SolutionConfigurationPlatforms) = preSolution
		Debug|Any CPU = Debug|Any CPU
		Release|Any CPU = Release|Any CPU
	EndGlobalSection
	GlobalSection(ProjectConfigurationPlatforms) = postSolution
		{3F7DE4A3-BA98-FCE8-46CD-F05154010848}.Debug|Any CPU.ActiveCfg = Debug|Any CPU
		{3F7DE4A3-BA98-FCE8-46CD-F05154010848}.Debug|Any CPU.Build.0 = Debug|Any CPU
		{3F7DE4A3-BA98-FCE8-46CD-F05154010848}.Release|Any CPU.ActiveCfg = Release|Any CPU
		{3F7DE4A3-BA98-FCE8-46CD-F05154010848}.Release|Any CPU.Build.0 = Release|Any CPU
	EndGlobalSection
	GlobalSection(SolutionProperties) = preSolution
		HideSolutionNode = FALSE
	EndGlobalSection
	GlobalSection(ExtensibilityGlobals) = postSolution
		SolutionGuid = {7957DF5F-5800-4805-B08E-396BDD3083AD}
	EndGlobalSection
EndGlobal
