Microsoft Visual Studio Solution File, Format Version 12.00
# Visual Studio Version 17
VisualStudioVersion = 17.5.2.0
MinimumVisualStudioVersion = 10.0.40219.1
Project("{FAE04EC0-301F-11D3-BF4B-00C04F79EFBC}") = "AdoDotnetAssignment", "AdoDotnetAssignment.csproj", "{C42B79D8-C783-5078-75E2-8A9DE6E4AFBB}"
EndProject
Global
	GlobalSection(SolutionConfigurationPlatforms) = preSolution
		Debug|Any CPU = Debug|Any CPU
		Release|Any CPU = Release|Any CPU
	EndGlobalSection
	GlobalSection(ProjectConfigurationPlatforms) = postSolution
		{C42B79D8-C783-5078-75E2-8A9DE6E4AFBB}.Debug|Any CPU.ActiveCfg = Debug|Any CPU
		{C42B79D8-C783-5078-75E2-8A9DE6E4AFBB}.Debug|Any CPU.Build.0 = Debug|Any CPU
		{C42B79D8-C783-5078-75E2-8A9DE6E4AFBB}.Release|Any CPU.ActiveCfg = Release|Any CPU
		{C42B79D8-C783-5078-75E2-8A9DE6E4AFBB}.Release|Any CPU.Build.0 = Release|Any CPU
	EndGlobalSection
	GlobalSection(SolutionProperties) = preSolution
		HideSolutionNode = FALSE
	EndGlobalSection
	GlobalSection(ExtensibilityGlobals) = postSolution
		SolutionGuid = {1B3827B8-7596-4929-9941-E67DF6E16B2C}
	EndGlobalSection
EndGlobal
